
Microsoft Visual Studio Solution File, Format Version 12.00
# Visual Studio Version 17
VisualStudioVersion = 17.7.34031.279
MinimumVisualStudioVersion = 10.0.40219.1
Project("{FAE04EC0-301F-11D3-BF4B-00C04F79EFBC}") = "Werken Met Arrays", "Werken Met Arrays.csproj", "{BECDE0FE-63C8-49F8-A4DB-8C91B5E98258}"
EndProject
Global
	GlobalSection(SolutionConfigurationPlatforms) = preSolution
		Debug|Any CPU = Debug|Any CPU
		Release|Any CPU = Release|Any CPU
	EndGlobalSection
	GlobalSection(ProjectConfigurationPlatforms) = postSolution
		{BECDE0FE-63C8-49F8-A4DB-8C91B5E98258}.Debug|Any CPU.ActiveCfg = Debug|Any CPU
		{BECDE0FE-63C8-49F8-A4DB-8C91B5E98258}.Debug|Any CPU.Build.0 = Debug|Any CPU
		{BECDE0FE-63C8-49F8-A4DB-8C91B5E98258}.Release|Any CPU.ActiveCfg = Release|Any CPU
		{BECDE0FE-63C8-49F8-A4DB-8C91B5E98258}.Release|Any CPU.Build.0 = Release|Any CPU
	EndGlobalSection
	GlobalSection(SolutionProperties) = preSolution
		HideSolutionNode = FALSE
	EndGlobalSection
	GlobalSection(ExtensibilityGlobals) = postSolution
		SolutionGuid = {1695A492-B61D-4723-8EEA-2DEBC2E32A27}
	EndGlobalSection
EndGlobal
